
Microsoft Visual Studio Solution File, Format Version 12.00
# Visual Studio Version 17
VisualStudioVersion = 17.14.36414.22
MinimumVisualStudioVersion = 10.0.40219.1
Project("{FAE04EC0-301F-11D3-BF4B-00C04F79EFBC}") = "MainQuest1-ClosestToTen", "MainQuest1-ClosestToTen\MainQuest1-ClosestToTen.csproj", "{A25B519A-5C31-4F86-9036-57D1B06CA85A}"
EndProject
Project("{FAE04EC0-301F-11D3-BF4B-00C04F79EFBC}") = "MainQuest2_SuperStroop", "MainQuest2_SuperStroop\MainQuest2_SuperStroop.csproj", "{B02BC252-C55A-4DD0-92FE-75B21FFAEE4C}"
EndProject
Project("{FAE04EC0-301F-11D3-BF4B-00C04F79EFBC}") = "MGGameLibrary", "MGGameLibrary\MGGameLibrary.csproj", "{5A28B7DF-51DE-4AB6-97B1-6708603C10C7}"
EndProject
Project("{FAE04EC0-301F-11D3-BF4B-00C04F79EFBC}") = "MainQuest3_AztecDeflect", "MainQuest3_AztecDeflect\MainQuest3_AztecDeflect.csproj", "{C690B1B8-59CB-47C1-8007-032275D9F726}"
	ProjectSection(ProjectDependencies) = postProject
		{5A28B7DF-51DE-4AB6-97B1-6708603C10C7} = {5A28B7DF-51DE-4AB6-97B1-6708603C10C7}
	EndProjectSection
EndProject
Project("{FAE04EC0-301F-11D3-BF4B-00C04F79EFBC}") = "MainQuest4_DragonDrop", "MainQuest4_DragonDrop\MainQuest4_DragonDrop.csproj", "{5C079608-F50B-484C-9788-04A9902C5E9D}"
	ProjectSection(ProjectDependencies) = postProject
		{5A28B7DF-51DE-4AB6-97B1-6708603C10C7} = {5A28B7DF-51DE-4AB6-97B1-6708603C10C7}
	EndProjectSection
EndProject
Project("{FAE04EC0-301F-11D3-BF4B-00C04F79EFBC}") = "MainQuest5_PacManGhost", "MainQuest5_PacManGhost\MainQuest5_PacManGhost.csproj", "{ED249288-18AC-4DDA-B280-6D79986D32C9}"
EndProject
Global
	GlobalSection(SolutionConfigurationPlatforms) = preSolution
		Debug|Any CPU = Debug|Any CPU
		Release|Any CPU = Release|Any CPU
	EndGlobalSection
	GlobalSection(ProjectConfigurationPlatforms) = postSolution
		{A25B519A-5C31-4F86-9036-57D1B06CA85A}.Debug|Any CPU.ActiveCfg = Debug|Any CPU
		{A25B519A-5C31-4F86-9036-57D1B06CA85A}.Debug|Any CPU.Build.0 = Debug|Any CPU
		{A25B519A-5C31-4F86-9036-57D1B06CA85A}.Release|Any CPU.ActiveCfg = Release|Any CPU
		{A25B519A-5C31-4F86-9036-57D1B06CA85A}.Release|Any CPU.Build.0 = Release|Any CPU
		{B02BC252-C55A-4DD0-92FE-75B21FFAEE4C}.Debug|Any CPU.ActiveCfg = Debug|Any CPU
		{B02BC252-C55A-4DD0-92FE-75B21FFAEE4C}.Debug|Any CPU.Build.0 = Debug|Any CPU
		{B02BC252-C55A-4DD0-92FE-75B21FFAEE4C}.Release|Any CPU.ActiveCfg = Release|Any CPU
		{B02BC252-C55A-4DD0-92FE-75B21FFAEE4C}.Release|Any CPU.Build.0 = Release|Any CPU
		{5A28B7DF-51DE-4AB6-97B1-6708603C10C7}.Debug|Any CPU.ActiveCfg = Debug|Any CPU
		{5A28B7DF-51DE-4AB6-97B1-6708603C10C7}.Debug|Any CPU.Build.0 = Debug|Any CPU
		{5A28B7DF-51DE-4AB6-97B1-6708603C10C7}.Release|Any CPU.ActiveCfg = Release|Any CPU
		{5A28B7DF-51DE-4AB6-97B1-6708603C10C7}.Release|Any CPU.Build.0 = Release|Any CPU
		{C690B1B8-59CB-47C1-8007-032275D9F726}.Debug|Any CPU.ActiveCfg = Debug|Any CPU
		{C690B1B8-59CB-47C1-8007-032275D9F726}.Debug|Any CPU.Build.0 = Debug|Any CPU
		{C690B1B8-59CB-47C1-8007-032275D9F726}.Release|Any CPU.ActiveCfg = Release|Any CPU
		{C690B1B8-59CB-47C1-8007-032275D9F726}.Release|Any CPU.Build.0 = Release|Any CPU
		{5C079608-F50B-484C-9788-04A9902C5E9D}.Debug|Any CPU.ActiveCfg = Debug|Any CPU
		{5C079608-F50B-484C-9788-04A9902C5E9D}.Debug|Any CPU.Build.0 = Debug|Any CPU
		{5C079608-F50B-484C-9788-04A9902C5E9D}.Release|Any CPU.ActiveCfg = Release|Any CPU
		{5C079608-F50B-484C-9788-04A9902C5E9D}.Release|Any CPU.Build.0 = Release|Any CPU
		{ED249288-18AC-4DDA-B280-6D79986D32C9}.Debug|Any CPU.ActiveCfg = Debug|Any CPU
		{ED249288-18AC-4DDA-B280-6D79986D32C9}.Debug|Any CPU.Build.0 = Debug|Any CPU
		{ED249288-18AC-4DDA-B280-6D79986D32C9}.Release|Any CPU.ActiveCfg = Release|Any CPU
		{ED249288-18AC-4DDA-B280-6D79986D32C9}.Release|Any CPU.Build.0 = Release|Any CPU
	EndGlobalSection
	GlobalSection(SolutionProperties) = preSolution
		HideSolutionNode = FALSE
	EndGlobalSection
	GlobalSection(ExtensibilityGlobals) = postSolution
		SolutionGuid = {5CAC6C5B-96E8-4AC7-8ACF-84275EF9F71C}
	EndGlobalSection
EndGlobal
